// !$*UTF8*$!
{
	archiveVersion = 1;
	classes = {
	};
	objectVersion = 77;
	objects = {

/* Begin PBXBuildFile section */
		346537882E09561900E1C5A3 /* Fakery in Frameworks */ = {isa = PBXBuildFile; productRef = 346537872E09561900E1C5A3 /* Fakery */; };
/* End PBXBuildFile section */

/* Begin PBXContainerItemProxy section */
		3417C6BE2DF0472600957634 /* PBXContainerItemProxy */ = {
			isa = PBXContainerItemProxy;
			containerPortal = 3417C6A62DF0472300957634 /* Project object */;
			proxyType = 1;
			remoteGlobalIDString = 3417C6AD2DF0472400957634;
			remoteInfo = Crafty;
		};
		3417C6C82DF0472600957634 /* PBXContainerItemProxy */ = {
			isa = PBXContainerItemProxy;
			containerPortal = 3417C6A62DF0472300957634 /* Project object */;
			proxyType = 1;
			remoteGlobalIDString = 3417C6AD2DF0472400957634;
			remoteInfo = Crafty;
		};
/* End PBXContainerItemProxy section */

/* Begin PBXFileReference section */
		3417C6AE2DF0472400957634 /* Crafty.app */ = {isa = PBXFileReference; explicitFileType = wrapper.application; includeInIndex = 0; path = Crafty.app; sourceTree = BUILT_PRODUCTS_DIR; };
		3417C6BD2DF0472600957634 /* CraftyTests.xctest */ = {isa = PBXFileReference; explicitFileType = wrapper.cfbundle; includeInIndex = 0; path = CraftyTests.xctest; sourceTree = BUILT_PRODUCTS_DIR; };
		3417C6C72DF0472600957634 /* CraftyUITests.xctest */ = {isa = PBXFileReference; explicitFileType = wrapper.cfbundle; includeInIndex = 0; path = CraftyUITests.xctest; sourceTree = BUILT_PRODUCTS_DIR; };
/* End PBXFileReference section */

/* Begin PBXFileSystemSynchronizedRootGroup section */
		3417C6B02DF0472400957634 /* Crafty */ = {
			isa = PBXFileSystemSynchronizedRootGroup;
			path = Crafty;
			sourceTree = "<group>";
		};
		3417C6C02DF0472600957634 /* CraftyTests */ = {
			isa = PBXFileSystemSynchronizedRootGroup;
			path = CraftyTests;
			sourceTree = "<group>";
		};
		3417C6CA2DF0472600957634 /* CraftyUITests */ = {
			isa = PBXFileSystemSynchronizedRootGroup;
			path = CraftyUITests;
			sourceTree = "<group>";
		};
/* End PBXFileSystemSynchronizedRootGroup section */

/* Begin PBXFrameworksBuildPhase section */
		3417C6AB2DF0472400957634 /* Frameworks */ = {
			isa = PBXFrameworksBuildPhase;
			buildActionMask = 2147483647;
			files = (
				346537882E09561900E1C5A3 /* Fakery in Frameworks */,
			);
			runOnlyForDeploymentPostprocessing = 0;
		};
		3417C6BA2DF0472600957634 /* Frameworks */ = {
			isa = PBXFrameworksBuildPhase;
			buildActionMask = 2147483647;
			files = (
			);
			runOnlyForDeploymentPostprocessing = 0;
		};
		3417C6C42DF0472600957634 /* Frameworks */ = {
			isa = PBXFrameworksBuildPhase;
			buildActionMask = 2147483647;
			files = (
			);
			runOnlyForDeploymentPostprocessing = 0;
		};
/* End PBXFrameworksBuildPhase section */

/* Begin PBXGroup section */
		3417C6A52DF0472300957634 = {
			isa = PBXGroup;
			children = (
				3417C6B02DF0472400957634 /* Crafty */,
				3417C6C02DF0472600957634 /* CraftyTests */,
				3417C6CA2DF0472600957634 /* CraftyUITests */,
				3417C6AF2DF0472400957634 /* Products */,
			);
			sourceTree = "<group>";
		};
		3417C6AF2DF0472400957634 /* Products */ = {
			isa = PBXGroup;
			children = (
				3417C6AE2DF0472400957634 /* Crafty.app */,
				3417C6BD2DF0472600957634 /* CraftyTests.xctest */,
				3417C6C72DF0472600957634 /* CraftyUITests.xctest */,
			);
			name = Products;
			sourceTree = "<group>";
		};
/* End PBXGroup section */

/* Begin PBXNativeTarget section */
		3417C6AD2DF0472400957634 /* Crafty */ = {
			isa = PBXNativeTarget;
			buildConfigurationList = 3417C6D12DF0472600957634 /* Build configuration list for PBXNativeTarget "Crafty" */;
			buildPhases = (
				3417C6AA2DF0472400957634 /* Sources */,
				3417C6AB2DF0472400957634 /* Frameworks */,
				3417C6AC2DF0472400957634 /* Resources */,
			);
			buildRules = (
			);
			dependencies = (
			);
			fileSystemSynchronizedGroups = (
				3417C6B02DF0472400957634 /* Crafty */,
			);
			name = Crafty;
			packageProductDependencies = (
				346537872E09561900E1C5A3 /* Fakery */,
			);
			productName = Crafty;
			productReference = 3417C6AE2DF0472400957634 /* Crafty.app */;
			productType = "com.apple.product-type.application";
		};
		3417C6BC2DF0472600957634 /* CraftyTests */ = {
			isa = PBXNativeTarget;
			buildConfigurationList = 3417C6D42DF0472600957634 /* Build configuration list for PBXNativeTarget "CraftyTests" */;
			buildPhases = (
				3417C6B92DF0472600957634 /* Sources */,
				3417C6BA2DF0472600957634 /* Frameworks */,
				3417C6BB2DF0472600957634 /* Resources */,
			);
			buildRules = (
			);
			dependencies = (
				3417C6BF2DF0472600957634 /* PBXTargetDependency */,
			);
			fileSystemSynchronizedGroups = (
				3417C6C02DF0472600957634 /* CraftyTests */,
			);
			name = CraftyTests;
			packageProductDependencies = (
			);
			productName = CraftyTests;
			productReference = 3417C6BD2DF0472600957634 /* CraftyTests.xctest */;
			productType = "com.apple.product-type.bundle.unit-test";
		};
		3417C6C62DF0472600957634 /* CraftyUITests */ = {
			isa = PBXNativeTarget;
			buildConfigurationList = 3417C6D72DF0472600957634 /* Build configuration list for PBXNativeTarget "CraftyUITests" */;
			buildPhases = (
				3417C6C32DF0472600957634 /* Sources */,
				3417C6C42DF0472600957634 /* Frameworks */,
				3417C6C52DF0472600957634 /* Resources */,
			);
			buildRules = (
			);
			dependencies = (
				3417C6C92DF0472600957634 /* PBXTargetDependency */,
			);
			fileSystemSynchronizedGroups = (
				3417C6CA2DF0472600957634 /* CraftyUITests */,
			);
			name = CraftyUITests;
			packageProductDependencies = (
			);
			productName = CraftyUITests;
			productReference = 3417C6C72DF0472600957634 /* CraftyUITests.xctest */;
			productType = "com.apple.product-type.bundle.ui-testing";
		};
/* End PBXNativeTarget section */

/* Begin PBXProject section */
		3417C6A62DF0472300957634 /* Project object */ = {
			isa = PBXProject;
			attributes = {
				BuildIndependentTargetsInParallel = 1;
				LastSwiftUpdateCheck = 1640;
				LastUpgradeCheck = 1640;
				TargetAttributes = {
					3417C6AD2DF0472400957634 = {
						CreatedOnToolsVersion = 16.4;
					};
					3417C6BC2DF0472600957634 = {
						CreatedOnToolsVersion = 16.4;
						TestTargetID = 3417C6AD2DF0472400957634;
					};
					3417C6C62DF0472600957634 = {
						CreatedOnToolsVersion = 16.4;
						TestTargetID = 3417C6AD2DF0472400957634;
					};
				};
			};
			buildConfigurationList = 3417C6A92DF0472300957634 /* Build configuration list for PBXProject "Crafty" */;
			developmentRegion = en;
			hasScannedForEncodings = 0;
			knownRegions = (
				en,
				Base,
			);
			mainGroup = 3417C6A52DF0472300957634;
			minimizedProjectReferenceProxies = 1;
			packageReferences = (
				346537862E09561900E1C5A3 /* XCRemoteSwiftPackageReference "Fakery" */,
			);
			preferredProjectObjectVersion = 77;
			productRefGroup = 3417C6AF2DF0472400957634 /* Products */;
			projectDirPath = "";
			projectRoot = "";
			targets = (
				3417C6AD2DF0472400957634 /* Crafty */,
				3417C6BC2DF0472600957634 /* CraftyTests */,
				3417C6C62DF0472600957634 /* CraftyUITests */,
			);
		};
/* End PBXProject section */

/* Begin PBXResourcesBuildPhase section */
		3417C6AC2DF0472400957634 /* Resources */ = {
			isa = PBXResourcesBuildPhase;
			buildActionMask = 2147483647;
			files = (
			);
			runOnlyForDeploymentPostprocessing = 0;
		};
		3417C6BB2DF0472600957634 /* Resources */ = {
			isa = PBXResourcesBuildPhase;
			buildActionMask = 2147483647;
			files = (
			);
			runOnlyForDeploymentPostprocessing = 0;
		};
		3417C6C52DF0472600957634 /* Resources */ = {
			isa = PBXResourcesBuildPhase;
			buildActionMask = 2147483647;
			files = (
			);
			runOnlyForDeploymentPostprocessing = 0;
		};
/* End PBXResourcesBuildPhase section */

/* Begin PBXSourcesBuildPhase section */
		3417C6AA2DF0472400957634 /* Sources */ = {
			isa = PBXSourcesBuildPhase;
			buildActionMask = 2147483647;
			files = (
			);
			runOnlyForDeploymentPostprocessing = 0;
		};
		3417C6B92DF0472600957634 /* Sources */ = {
			isa = PBXSourcesBuildPhase;
			buildActionMask = 2147483647;
			files = (
			);
			runOnlyForDeploymentPostprocessing = 0;
		};
		3417C6C32DF0472600957634 /* Sources */ = {
			isa = PBXSourcesBuildPhase;
			buildActionMask = 2147483647;
			files = (
			);
			runOnlyForDeploymentPostprocessing = 0;
		};
/* End PBXSourcesBuildPhase section */

/* Begin PBXTargetDependency section */
		3417C6BF2DF0472600957634 /* PBXTargetDependency */ = {
			isa = PBXTargetDependency;
			target = 3417C6AD2DF0472400957634 /* Crafty */;
			targetProxy = 3417C6BE2DF0472600957634 /* PBXContainerItemProxy */;
		};
		3417C6C92DF0472600957634 /* PBXTargetDependency */ = {
			isa = PBXTargetDependency;
			target = 3417C6AD2DF0472400957634 /* Crafty */;
			targetProxy = 3417C6C82DF0472600957634 /* PBXContainerItemProxy */;
		};
/* End PBXTargetDependency section */

/* Begin XCBuildConfiguration section */
		3417C6CF2DF0472600957634 /* Debug */ = {
			isa = XCBuildConfiguration;
			buildSettings = {
				ALWAYS_SEARCH_USER_PATHS = NO;
				ASSETCATALOG_COMPILER_GENERATE_SWIFT_ASSET_SYMBOL_EXTENSIONS = YES;
				CLANG_ANALYZER_NONNULL = YES;
				CLANG_ANALYZER_NUMBER_OBJECT_CONVERSION = YES_AGGRESSIVE;
				CLANG_CXX_LANGUAGE_STANDARD = "gnu++20";
				CLANG_ENABLE_MODULES = YES;
				CLANG_ENABLE_OBJC_ARC = YES;
				CLANG_ENABLE_OBJC_WEAK = YES;
				CLANG_WARN_BLOCK_CAPTURE_AUTORELEASING = YES;
				CLANG_WARN_BOOL_CONVERSION = YES;
				CLANG_WARN_COMMA = YES;
				CLANG_WARN_CONSTANT_CONVERSION = YES;
				CLANG_WARN_DEPRECATED_OBJC_IMPLEMENTATIONS = YES;
				CLANG_WARN_DIRECT_OBJC_ISA_USAGE = YES_ERROR;
				CLANG_WARN_DOCUMENTATION_COMMENTS = YES;
				CLANG_WARN_EMPTY_BODY = YES;
				CLANG_WARN_ENUM_CONVERSION = YES;
				CLANG_WARN_INFINITE_RECURSION = YES;
				CLANG_WARN_INT_CONVERSION = YES;
				CLANG_WARN_NON_LITERAL_NULL_CONVERSION = YES;
				CLANG_WARN_OBJC_IMPLICIT_RETAIN_SELF = YES;
				CLANG_WARN_OBJC_LITERAL_CONVERSION = YES;
				CLANG_WARN_OBJC_ROOT_CLASS = YES_ERROR;
				CLANG_WARN_QUOTED_INCLUDE_IN_FRAMEWORK_HEADER = YES;
				CLANG_WARN_RANGE_LOOP_ANALYSIS = YES;
				CLANG_WARN_STRICT_PROTOTYPES = YES;
				CLANG_WARN_SUSPICIOUS_MOVE = YES;
				CLANG_WARN_UNGUARDED_AVAILABILITY = YES_AGGRESSIVE;
				CLANG_WARN_UNREACHABLE_CODE = YES;
				CLANG_WARN__DUPLICATE_METHOD_MATCH = YES;
				COPY_PHASE_STRIP = NO;
				DEBUG_INFORMATION_FORMAT = dwarf;
				ENABLE_STRICT_OBJC_MSGSEND = YES;
				ENABLE_TESTABILITY = YES;
				ENABLE_USER_SCRIPT_SANDBOXING = YES;
				GCC_C_LANGUAGE_STANDARD = gnu17;
				GCC_DYNAMIC_NO_PIC = NO;
				GCC_NO_COMMON_BLOCKS = YES;
				GCC_OPTIMIZATION_LEVEL = 0;
				GCC_PREPROCESSOR_DEFINITIONS = (
					"DEBUG=1",
					"$(inherited)",
				);
				GCC_WARN_64_TO_32_BIT_CONVERSION = YES;
				GCC_WARN_ABOUT_RETURN_TYPE = YES_ERROR;
				GCC_WARN_UNDECLARED_SELECTOR = YES;
				GCC_WARN_UNINITIALIZED_AUTOS = YES_AGGRESSIVE;
				GCC_WARN_UNUSED_FUNCTION = YES;
				GCC_WARN_UNUSED_VARIABLE = YES;
				IPHONEOS_DEPLOYMENT_TARGET = 18.5;
				LOCALIZATION_PREFERS_STRING_CATALOGS = YES;
				MTL_ENABLE_DEBUG_INFO = INCLUDE_SOURCE;
				MTL_FAST_MATH = YES;
				ONLY_ACTIVE_ARCH = YES;
				SDKROOT = iphoneos;
				SWIFT_ACTIVE_COMPILATION_CONDITIONS = "DEBUG $(inherited)";
				SWIFT_OPTIMIZATION_LEVEL = "-Onone";
				SWIFT_VERSION = 5.0;
			};
			name = Debug;
		};
		3417C6D02DF0472600957634 /* Release */ = {
			isa = XCBuildConfiguration;
			buildSettings = {
				ALWAYS_SEARCH_USER_PATHS = NO;
				ASSETCATALOG_COMPILER_GENERATE_SWIFT_ASSET_SYMBOL_EXTENSIONS = YES;
				CLANG_ANALYZER_NONNULL = YES;
				CLANG_ANALYZER_NUMBER_OBJECT_CONVERSION = YES_AGGRESSIVE;
				CLANG_CXX_LANGUAGE_STANDARD = "gnu++20";
				CLANG_ENABLE_MODULES = YES;
				CLANG_ENABLE_OBJC_ARC = YES;
				CLANG_ENABLE_OBJC_WEAK = YES;
				CLANG_WARN_BLOCK_CAPTURE_AUTORELEASING = YES;
				CLANG_WARN_BOOL_CONVERSION = YES;
				CLANG_WARN_COMMA = YES;
				CLANG_WARN_CONSTANT_CONVERSION = YES;
				CLANG_WARN_DEPRECATED_OBJC_IMPLEMENTATIONS = YES;
				CLANG_WARN_DIRECT_OBJC_ISA_USAGE = YES_ERROR;
				CLANG_WARN_DOCUMENTATION_COMMENTS = YES;
				CLANG_WARN_EMPTY_BODY = YES;
				CLANG_WARN_ENUM_CONVERSION = YES;
				CLANG_WARN_INFINITE_RECURSION = YES;
				CLANG_WARN_INT_CONVERSION = YES;
				CLANG_WARN_NON_LITERAL_NULL_CONVERSION = YES;
				CLANG_WARN_OBJC_IMPLICIT_RETAIN_SELF = YES;
				CLANG_WARN_OBJC_LITERAL_CONVERSION = YES;
				CLANG_WARN_OBJC_ROOT_CLASS = YES_ERROR;
				CLANG_WARN_QUOTED_INCLUDE_IN_FRAMEWORK_HEADER = YES;
				CLANG_WARN_RANGE_LOOP_ANALYSIS = YES;
				CLANG_WARN_STRICT_PROTOTYPES = YES;
				CLANG_WARN_SUSPICIOUS_MOVE = YES;
				CLANG_WARN_UNGUARDED_AVAILABILITY = YES_AGGRESSIVE;
				CLANG_WARN_UNREACHABLE_CODE = YES;
				CLANG_WARN__DUPLICATE_METHOD_MATCH = YES;
				COPY_PHASE_STRIP = NO;
				DEBUG_INFORMATION_FORMAT = "dwarf-with-dsym";
				ENABLE_NS_ASSERTIONS = NO;
				ENABLE_STRICT_OBJC_MSGSEND = YES;
				ENABLE_USER_SCRIPT_SANDBOXING = YES;
				GCC_C_LANGUAGE_STANDARD = gnu17;
				GCC_NO_COMMON_BLOCKS = YES;
				GCC_WARN_64_TO_32_BIT_CONVERSION = YES;
				GCC_WARN_ABOUT_RETURN_TYPE = YES_ERROR;
				GCC_WARN_UNDECLARED_SELECTOR = YES;
				GCC_WARN_UNINITIALIZED_AUTOS = YES_AGGRESSIVE;
				GCC_WARN_UNUSED_FUNCTION = YES;
				GCC_WARN_UNUSED_VARIABLE = YES;
				IPHONEOS_DEPLOYMENT_TARGET = 18.5;
				LOCALIZATION_PREFERS_STRING_CATALOGS = YES;
				MTL_ENABLE_DEBUG_INFO = NO;
				MTL_FAST_MATH = YES;
				SDKROOT = iphoneos;
				SWIFT_COMPILATION_MODE = wholemodule;
				SWIFT_VERSION = 5.0;
				VALIDATE_PRODUCT = YES;
			};
			name = Release;
		};
		3417C6D22DF0472600957634 /* Debug */ = {
			isa = XCBuildConfiguration;
			buildSettings = {
				ASSETCATALOG_COMPILER_APPICON_NAME = AppIcon;
				ASSETCATALOG_COMPILER_GLOBAL_ACCENT_COLOR_NAME = AccentColor;
				CODE_SIGN_STYLE = Automatic;
				CURRENT_PROJECT_VERSION = 1;
				ENABLE_MODULE_VERIFIER = NO;
				ENABLE_PREVIEWS = YES;
				GENERATE_INFOPLIST_FILE = YES;
				INFOPLIST_KEY_UIApplicationSceneManifest_Generation = YES;
				INFOPLIST_KEY_UIApplicationSupportsIndirectInputEvents = YES;
				INFOPLIST_KEY_UILaunchScreen_Generation = YES;
				INFOPLIST_KEY_UISupportedInterfaceOrientations_iPad = "UIInterfaceOrientationPortrait UIInterfaceOrientationPortraitUpsideDown UIInterfaceOrientationLandscapeLeft UIInterfaceOrientationLandscapeRight";
				INFOPLIST_KEY_UISupportedInterfaceOrientations_iPhone = "UIInterfaceOrientationPortrait UIInterfaceOrientationLandscapeLeft UIInterfaceOrientationLandscapeRight";
				LD_RUNPATH_SEARCH_PATHS = (
					"$(inherited)",
					"@executable_path/Frameworks",
				);
				MARKETING_VERSION = 1.0;
				PRODUCT_BUNDLE_IDENTIFIER = ellen.Crafty;
				PRODUCT_NAME = "$(TARGET_NAME)";
				SWIFT_EMIT_LOC_STRINGS = YES;
				SWIFT_VERSION = 5.0;
				TARGETED_DEVICE_FAMILY = "1,2";
			};
			name = Debug;
		};
		3417C6D32DF0472600957634 /* Release */ = {
			isa = XCBuildConfiguration;
			buildSettings = {
				ASSETCATALOG_COMPILER_APPICON_NAME = AppIcon;
				ASSETCATALOG_COMPILER_GLOBAL_ACCENT_COLOR_NAME = AccentColor;
				CODE_SIGN_STYLE = Automatic;
				CURRENT_PROJECT_VERSION = 1;
				ENABLE_MODULE_VERIFIER = NO;
				ENABLE_PREVIEWS = YES;
				GENERATE_INFOPLIST_FILE = YES;
				INFOPLIST_KEY_UIApplicationSceneManifest_Generation = YES;
				INFOPLIST_KEY_UIApplicationSupportsIndirectInputEvents = YES;
				INFOPLIST_KEY_UILaunchScreen_Generation = YES;
				INFOPLIST_KEY_UISupportedInterfaceOrientations_iPad = "UIInterfaceOrientationPortrait UIInterfaceOrientationPortraitUpsideDown UIInterfaceOrientationLandscapeLeft UIInterfaceOrientationLandscapeRight";
				INFOPLIST_KEY_UISupportedInterfaceOrientations_iPhone = "UIInterfaceOrientationPortrait UIInterfaceOrientationLandscapeLeft UIInterfaceOrientationLandscapeRight";
				LD_RUNPATH_SEARCH_PATHS = (
					"$(inherited)",
					"@executable_path/Frameworks",
				);
				MARKETING_VERSION = 1.0;
				PRODUCT_BUNDLE_IDENTIFIER = ellen.Crafty;
				PRODUCT_NAME = "$(TARGET_NAME)";
				SWIFT_EMIT_LOC_STRINGS = YES;
				SWIFT_VERSION = 5.0;
				TARGETED_DEVICE_FAMILY = "1,2";
			};
			name = Release;
		};
		3417C6D52DF0472600957634 /* Debug */ = {
			isa = XCBuildConfiguration;
			buildSettings = {
				BUNDLE_LOADER = "$(TEST_HOST)";
				CODE_SIGN_STYLE = Automatic;
				CURRENT_PROJECT_VERSION = 1;
				GENERATE_INFOPLIST_FILE = YES;
				IPHONEOS_DEPLOYMENT_TARGET = 18.5;
				MARKETING_VERSION = 1.0;
				PRODUCT_BUNDLE_IDENTIFIER = ellen.CraftyTests;
				PRODUCT_NAME = "$(TARGET_NAME)";
				SWIFT_EMIT_LOC_STRINGS = NO;
				SWIFT_VERSION = 5.0;
				TARGETED_DEVICE_FAMILY = "1,2";
				TEST_HOST = "$(BUILT_PRODUCTS_DIR)/Crafty.app/$(BUNDLE_EXECUTABLE_FOLDER_PATH)/Crafty";
			};
			name = Debug;
		};
		3417C6D62DF0472600957634 /* Release */ = {
			isa = XCBuildConfiguration;
			buildSettings = {
				BUNDLE_LOADER = "$(TEST_HOST)";
				CODE_SIGN_STYLE = Automatic;
				CURRENT_PROJECT_VERSION = 1;
				GENERATE_INFOPLIST_FILE = YES;
				IPHONEOS_DEPLOYMENT_TARGET = 18.5;
				MARKETING_VERSION = 1.0;
				PRODUCT_BUNDLE_IDENTIFIER = ellen.CraftyTests;
				PRODUCT_NAME = "$(TARGET_NAME)";
				SWIFT_EMIT_LOC_STRINGS = NO;
				SWIFT_VERSION = 5.0;
				TARGETED_DEVICE_FAMILY = "1,2";
				TEST_HOST = "$(BUILT_PRODUCTS_DIR)/Crafty.app/$(BUNDLE_EXECUTABLE_FOLDER_PATH)/Crafty";
			};
			name = Release;
		};
		3417C6D82DF0472600957634 /* Debug */ = {
			isa = XCBuildConfiguration;
			buildSettings = {
				CODE_SIGN_STYLE = Automatic;
				CURRENT_PROJECT_VERSION = 1;
				GENERATE_INFOPLIST_FILE = YES;
				MARKETING_VERSION = 1.0;
				PRODUCT_BUNDLE_IDENTIFIER = ellen.CraftyUITests;
				PRODUCT_NAME = "$(TARGET_NAME)";
				SWIFT_EMIT_LOC_STRINGS = NO;
				SWIFT_VERSION = 5.0;
				TARGETED_DEVICE_FAMILY = "1,2";
				TEST_TARGET_NAME = Crafty;
			};
			name = Debug;
		};
		3417C6D92DF0472600957634 /* Release */ = {
			isa = XCBuildConfiguration;
			buildSettings = {
				CODE_SIGN_STYLE = Automatic;
				CURRENT_PROJECT_VERSION = 1;
				GENERATE_INFOPLIST_FILE = YES;
				MARKETING_VERSION = 1.0;
				PRODUCT_BUNDLE_IDENTIFIER = ellen.CraftyUITests;
				PRODUCT_NAME = "$(TARGET_NAME)";
				SWIFT_EMIT_LOC_STRINGS = NO;
				SWIFT_VERSION = 5.0;
				TARGETED_DEVICE_FAMILY = "1,2";
				TEST_TARGET_NAME = Crafty;
			};
			name = Release;
		};
/* End XCBuildConfiguration section */

/* Begin XCConfigurationList section */
		3417C6A92DF0472300957634 /* Build configuration list for PBXProject "Crafty" */ = {
			isa = XCConfigurationList;
			buildConfigurations = (
				3417C6CF2DF0472600957634 /* Debug */,
				3417C6D02DF0472600957634 /* Release */,
			);
			defaultConfigurationIsVisible = 0;
			defaultConfigurationName = Release;
		};
		3417C6D12DF0472600957634 /* Build configuration list for PBXNativeTarget "Crafty" */ = {
			isa = XCConfigurationList;
			buildConfigurations = (
				3417C6D22DF0472600957634 /* Debug */,
				3417C6D32DF0472600957634 /* Release */,
			);
			defaultConfigurationIsVisible = 0;
			defaultConfigurationName = Release;
		};
		3417C6D42DF0472600957634 /* Build configuration list for PBXNativeTarget "CraftyTests" */ = {
			isa = XCConfigurationList;
			buildConfigurations = (
				3417C6D52DF0472600957634 /* Debug */,
				3417C6D62DF0472600957634 /* Release */,
			);
			defaultConfigurationIsVisible = 0;
			defaultConfigurationName = Release;
		};
		3417C6D72DF0472600957634 /* Build configuration list for PBXNativeTarget "CraftyUITests" */ = {
			isa = XCConfigurationList;
			buildConfigurations = (
				3417C6D82DF0472600957634 /* Debug */,
				3417C6D92DF0472600957634 /* Release */,
			);
			defaultConfigurationIsVisible = 0;
			defaultConfigurationName = Release;
		};
/* End XCConfigurationList section */

/* Begin XCRemoteSwiftPackageReference section */
		346537862E09561900E1C5A3 /* XCRemoteSwiftPackageReference "Fakery" */ = {
			isa = XCRemoteSwiftPackageReference;
			repositoryURL = "https://github.com/vadymmarkov/Fakery";
			requirement = {
				kind = upToNextMajorVersion;
				minimumVersion = 5.1.0;
			};
		};
/* End XCRemoteSwiftPackageReference section */

/* Begin XCSwiftPackageProductDependency section */
		346537872E09561900E1C5A3 /* Fakery */ = {
			isa = XCSwiftPackageProductDependency;
			package = 346537862E09561900E1C5A3 /* XCRemoteSwiftPackageReference "Fakery" */;
			productName = Fakery;
		};
/* End XCSwiftPackageProductDependency section */
	};
	rootObject = 3417C6A62DF0472300957634 /* Project object */;
}
